
Microsoft Visual Studio Solution File, Format Version 12.00
# Visual Studio 2013
VisualStudioVersion = 12.0.31101.0
MinimumVisualStudioVersion = 10.0.40219.1
Project("{FAE04EC0-301F-11D3-BF4B-00C04F79EFBC}") = "ReactApp1", "ReactApp1\ReactApp1.csproj", "{C96DC3D0-B5F3-41ED-A240-1D3D74B4E1DA}"
EndProject
Project("{FAE04EC0-301F-11D3-BF4B-00C04F79EFBC}") = "ReactApp2", "ReactApp2\ReactApp2.csproj", "{BF95E19B-64E9-4D0C-821D-4B090A3322E5}"
EndProject
Project("{FAE04EC0-301F-11D3-BF4B-00C04F79EFBC}") = "ReactApp3", "ReactApp3\ReactApp3.csproj", "{CFE8531A-60BD-4D79-8BDB-A6D3176631F7}"
EndProject
Project("{FAE04EC0-301F-11D3-BF4B-00C04F79EFBC}") = "ReactApp4", "ReactApp4\ReactApp4.csproj", "{795ED8DC-1AD2-435D-BC29-28AE69C8B223}"
EndProject
Project("{FAE04EC0-301F-11D3-BF4B-00C04F79EFBC}") = "ReactApp5", "ReactApp5\ReactApp5.csproj", "{342EAA07-C2BC-479E-AEE8-3D254A7DC367}"
EndProject
Global
	GlobalSection(SolutionConfigurationPlatforms) = preSolution
		Debug|Any CPU = Debug|Any CPU
		Release|Any CPU = Release|Any CPU
	EndGlobalSection
	GlobalSection(ProjectConfigurationPlatforms) = postSolution
		{C96DC3D0-B5F3-41ED-A240-1D3D74B4E1DA}.Debug|Any CPU.ActiveCfg = Debug|Any CPU
		{C96DC3D0-B5F3-41ED-A240-1D3D74B4E1DA}.Debug|Any CPU.Build.0 = Debug|Any CPU
		{C96DC3D0-B5F3-41ED-A240-1D3D74B4E1DA}.Release|Any CPU.ActiveCfg = Release|Any CPU
		{C96DC3D0-B5F3-41ED-A240-1D3D74B4E1DA}.Release|Any CPU.Build.0 = Release|Any CPU
		{BF95E19B-64E9-4D0C-821D-4B090A3322E5}.Debug|Any CPU.ActiveCfg = Debug|Any CPU
		{BF95E19B-64E9-4D0C-821D-4B090A3322E5}.Debug|Any CPU.Build.0 = Debug|Any CPU
		{BF95E19B-64E9-4D0C-821D-4B090A3322E5}.Release|Any CPU.ActiveCfg = Release|Any CPU
		{BF95E19B-64E9-4D0C-821D-4B090A3322E5}.Release|Any CPU.Build.0 = Release|Any CPU
		{CFE8531A-60BD-4D79-8BDB-A6D3176631F7}.Debug|Any CPU.ActiveCfg = Debug|Any CPU
		{CFE8531A-60BD-4D79-8BDB-A6D3176631F7}.Debug|Any CPU.Build.0 = Debug|Any CPU
		{CFE8531A-60BD-4D79-8BDB-A6D3176631F7}.Release|Any CPU.ActiveCfg = Release|Any CPU
		{CFE8531A-60BD-4D79-8BDB-A6D3176631F7}.Release|Any CPU.Build.0 = Release|Any CPU
		{795ED8DC-1AD2-435D-BC29-28AE69C8B223}.Debug|Any CPU.ActiveCfg = Debug|Any CPU
		{795ED8DC-1AD2-435D-BC29-28AE69C8B223}.Debug|Any CPU.Build.0 = Debug|Any CPU
		{795ED8DC-1AD2-435D-BC29-28AE69C8B223}.Release|Any CPU.ActiveCfg = Release|Any CPU
		{795ED8DC-1AD2-435D-BC29-28AE69C8B223}.Release|Any CPU.Build.0 = Release|Any CPU
		{342EAA07-C2BC-479E-AEE8-3D254A7DC367}.Debug|Any CPU.ActiveCfg = Debug|Any CPU
		{342EAA07-C2BC-479E-AEE8-3D254A7DC367}.Debug|Any CPU.Build.0 = Debug|Any CPU
		{342EAA07-C2BC-479E-AEE8-3D254A7DC367}.Release|Any CPU.ActiveCfg = Release|Any CPU
		{342EAA07-C2BC-479E-AEE8-3D254A7DC367}.Release|Any CPU.Build.0 = Release|Any CPU
	EndGlobalSection
	GlobalSection(SolutionProperties) = preSolution
		HideSolutionNode = FALSE
	EndGlobalSection
EndGlobal
